# THIS IS A MACHINE-GENERATED FILE. DO NOT EDIT MANUALLY.

[solution]
[solution.context]
solved = true
[[solution.state]]
crate = "ansiada"
fulfilment = "solved"
pinned = false
shared = false
transitivity = "indirect"
versions = "~0.1.0"
[solution.state.release]
description = "Comprehensive ANSI control sequences for terminal output"
executables = [
"ansi-demo",
]
licenses = "MIT"
long-description = "# ANSI-Ada\n\n[![Alire indexed](https://img.shields.io/badge/alire-0.1.0-blue.svg)](https://alire.ada.dev)\n[![MIT licensed](https://img.shields.io/badge/license-MIT-blue.svg)](./LICENSE)\n\nANSI control sequences for the Ada language.\n\nThis library consists of a single pure package for the generation of escape\nsequences that allow to control, in ANSI-enabled TTYs:\n\n* Text color and styles\n* Cursor position\n* Clearing of parts of the terminal\n\nIn order to keep the library as simple as possible there is no TTY capability\ndetection, so you must either assume ANSI is recognized or use other means of\ndetection (e.g., `Interfaces.C_Streams.isatty` as a bare minimum to detect\nredirections).\n\nThe library comes with a demo program that can serve to test the appearance and\ncapabilities of your terminal.\n"
maintainers = [
"alejandro@mosteo.com",
]
maintainers-logins = [
"mosteo",
]
name = "ansiada"
project-files = [
"ansi.gpr",
]
tags = [
"console",
"terminal",
"tty",
]
version = "0.1.0"
[solution.state.release.gpr-externals]
ANSIADA_BUILD_MODE = [
"On_Demand",
"Static_Lib",
"Shared_Lib",
]
[solution.state.release.gpr-set-externals]
ANSIADA_BUILD_MODE = "On_Demand"
[solution.state.release.origin]
commit = "27a89150c1f5481a821722601a3b6d4a5368596c"
url = "git+https://github.com/mosteo/ansi-ada"
[[solution.state]]
crate = "dir_iterators"
fulfilment = "solved"
pinned = false
shared = false
transitivity = "direct"
versions = "~0.0.2"
[solution.state.release]
authors = [
"Paul Jarrett",
]
description = "Ways of moving around directory trees"
licenses = "Apache-2.0"
maintainers = [
"Paul Jarrett <jarrett.paul.young@gmail.com>",
]
maintainers-logins = [
"pyjarrett",
]
name = "dir_iterators"
tags = [
"dir",
"files",
"walk",
]
version = "0.0.2"
website = "https://github.com/pyjarrett/dir_iterators"
[solution.state.release.origin]
commit = "614fd41664c1661f28d474823fcad82753efecdb"
url = "git+https://github.com/pyjarrett/dir_iterators.git"
[[solution.state]]
crate = "gnatcoll"
fulfilment = "solved"
pinned = false
shared = false
transitivity = "direct"
versions = "^21.0.0"
[solution.state.release]
authors = [
"AdaCore",
]
description = "GNAT Components Collection - Core packages"
licenses = "GPL-3.0-only WITH GCC-exception-3.1"
maintainers = [
"chouteau@adacore.com",
]
maintainers-logins = [
"Fabien-Chouteau",
]
name = "gnatcoll"
project-files = [
"gnatcoll.gpr",
]
tags = [
"gnatcoll",
"json",
"email",
"refcount",
"projects",
"gpr",
"vfs",
]
version = "21.0.0"
website = "https://github.com/adacore/gnatcoll-core"
[solution.state.release.gpr-externals]
GNATCOLL_ATOMICS = [
"intrinsic",
"mutex",
]
GNATCOLL_BUILD_MODE = [
"DEBUG",
"PROD",
]
GNATCOLL_OS = [
"windows",
"unix",
"osx",
]
LIBRARY_TYPE = [
"static",
"relocatable",
"static-pic",
]
[solution.state.release.gpr-set-externals]
GNATCOLL_OS = "windows"
GNATCOLL_VERSION = "21.0.0"
[solution.state.release.origin]
hashes = [
"sha512:6c0439a39495070c58af1eecd04b450d3f7fae8dfca21ce2200035893467c07b04ec037aeef84b5b1499fe683b9cadeb5425e7373b9d6204d1ed1deb5616d291",
]
url = "https://github.com/AdaCore/gnatcoll-core/archive/v21.0.0/gnatcoll-core-21.0.0.zip"
[[solution.state.release.depends-on]]
libgpr = "~21.0.0"
[[solution.state]]
crate = "libgpr"
fulfilment = "solved"
pinned = false
shared = false
transitivity = "indirect"
versions = "~21.0.0"
[solution.state.release]
authors = [
"AdaCore",
]
description = "GNAT Project File Library"
licenses = "GPL-3.0-only WITH GCC-exception-3.1"
maintainers = [
"chouteau@adacore.com",
]
maintainers-logins = [
"Fabien-Chouteau",
]
name = "libgpr"
project-files = [
"gpr/gpr.gpr",
]
version = "21.0.0"
[solution.state.release.gpr-externals]
GPR_BUILD = [
"debug",
"production",
"coverage",
"profiling",
]
LIBRARY_TYPE = [
"static",
"relocatable",
"static-pic",
]
[solution.state.release.origin]
hashes = [
"sha512:49263e36e5431356f60630129c8fbebf7dcdca7083fd47b2ee1a4fa80e84cb09748f2d8bc660b68850ad62634b9c8ba57b287b4934d0c908becd1a52b8b7e1fc",
]
url = "https://github.com/AdaCore/gprbuild/archive/v21.0.0/gprbuild-21.0.0.zip"
[[solution.state.release.depends-on]]
xmlada = "~21.0.0"
[[solution.state]]
crate = "progress_indicators"
fulfilment = "solved"
pinned = false
shared = false
transitivity = "direct"
versions = "~0.0.1"
[solution.state.release]
authors = [
"the progress_indicators authors",
]
description = "Ways of displaying progress in command line tools."
licenses = "Apache-2.0"
maintainers = [
"Paul Jarrett <jarrett.paul.young@gmail.com>",
]
maintainers-logins = [
"pyjarrett",
]
name = "progress_indicators"
project-files = [
"progress_indicators.gpr",
]
tags = [
"command-line",
"console",
"terminal",
"progress",
]
version = "0.0.1"
website = "https://github.com/pyjarrett/progress_indicators"
[solution.state.release.origin]
commit = "863e14c48ee885efeb6faab594455e632443278c"
url = "git+https://github.com/pyjarrett/progress_indicators.git"
[[solution.state.release.depends-on]]
ansiada = "~0.1.0"
[[solution.state]]
crate = "xmlada"
fulfilment = "solved"
pinned = false
shared = false
transitivity = "indirect"
versions = "~21.0.0"
[solution.state.release]
authors = [
"AdaCore",
]
description = "The XML/Ada toolkit"
licenses = "GPL-3.0-only WITH GCC-exception-3.1"
maintainers = [
"chouteau@adacore.com",
]
maintainers-logins = [
"Fabien-Chouteau",
]
name = "xmlada"
project-files = [
"distrib/xmlada.gpr",
"dom/xmlada_dom.gpr",
"sax/xmlada_sax.gpr",
"input_sources/xmlada_input.gpr",
"schema/xmlada_schema.gpr",
"unicode/xmlada_unicode.gpr",
]
version = "21.0.0"
website = "https://github.com/AdaCore/xmlada"
[solution.state.release.gpr-externals]
LIBRARY_TYPE = [
"static",
"relocatable",
"static-pic",
]
XMLADA_BUILD_MODE = [
"distrib",
"Debug",
"Production",
"profile",
"coverage",
"nochecks",
]
[solution.state.release.origin]
hashes = [
"sha512:836d189061b188d0b766d559972938da59c1b950c15cda8209c4c5175fa03db0ef714270635ffed2d14e2bb3957f97625f5eef07c815606ac0191be268694d98",
]
url = "https://github.com/AdaCore/xmlada/archive/v21.0.0/xmlada-21.0.0.zip"
[[solution.state.release.actions]]
command = [
"sh",
"configure",
]
directory = "."
type = "post-fetch"

